
Microsoft Visual Studio Solution File, Format Version 12.00
# Visual Studio Version 17
VisualStudioVersion = 17.14.36518.9
MinimumVisualStudioVersion = 10.0.40219.1
Project("{FAE04EC0-301F-11D3-BF4B-00C04F79EFBC}") = "AutomationDataStructure", "AutomationDataStructure\AutomationDataStructure.csproj", "{7110EC2C-B65F-4F46-B282-F8BF4D37B7C3}"
EndProject
Project("{FAE04EC0-301F-11D3-BF4B-00C04F79EFBC}") = "AutomationDataStructure.Core", "AutomationDataStructure.Core\AutomationDataStructure.Core.csproj", "{5A7E9FA6-2AA9-48FE-8829-09DCDC7FF467}"
EndProject
Project("{FAE04EC0-301F-11D3-BF4B-00C04F79EFBC}") = "Odva", "CipDeviceProfil\Odva.csproj", "{543DA557-DA36-4AE3-95C2-6A7D1CB666C7}"
EndProject
Project("{2150E333-8FDC-42A3-9474-1A3956D46DE8}") = "External", "External", "{02EA681E-C7D8-13C7-8484-4AC65E1B71E8}"
EndProject
Project("{54435603-DBB4-11D2-8724-00A0C9A8B90C}") = "AutomationDataStructure.Setup", "AutomationDataStructure.Setup\AutomationDataStructure.Setup.vdproj", "{FA82E628-44DB-3CB4-732D-0CDF62B7F331}"
EndProject
Project("{FAE04EC0-301F-11D3-BF4B-00C04F79EFBC}") = "CodesysML", "..\CodesysML\CodesysML\CodesysML.csproj", "{C32D5809-7FD8-46CA-F930-D551D489A2E8}"
EndProject
Project("{FAE04EC0-301F-11D3-BF4B-00C04F79EFBC}") = "PlcOpenML", "..\PlcOpenML\PlcOpenML\PlcOpenML.csproj", "{6A9719F9-4AF7-6B12-60B8-AF48A3CE4A76}"
EndProject
Global
	GlobalSection(SolutionConfigurationPlatforms) = preSolution
		Debug|Any CPU = Debug|Any CPU
		Release|Any CPU = Release|Any CPU
	EndGlobalSection
	GlobalSection(ProjectConfigurationPlatforms) = postSolution
		{7110EC2C-B65F-4F46-B282-F8BF4D37B7C3}.Debug|Any CPU.ActiveCfg = Debug|Any CPU
		{7110EC2C-B65F-4F46-B282-F8BF4D37B7C3}.Debug|Any CPU.Build.0 = Debug|Any CPU
		{7110EC2C-B65F-4F46-B282-F8BF4D37B7C3}.Release|Any CPU.ActiveCfg = Release|Any CPU
		{7110EC2C-B65F-4F46-B282-F8BF4D37B7C3}.Release|Any CPU.Build.0 = Release|Any CPU
		{5A7E9FA6-2AA9-48FE-8829-09DCDC7FF467}.Debug|Any CPU.ActiveCfg = Debug|Any CPU
		{5A7E9FA6-2AA9-48FE-8829-09DCDC7FF467}.Debug|Any CPU.Build.0 = Debug|Any CPU
		{5A7E9FA6-2AA9-48FE-8829-09DCDC7FF467}.Release|Any CPU.ActiveCfg = Release|Any CPU
		{5A7E9FA6-2AA9-48FE-8829-09DCDC7FF467}.Release|Any CPU.Build.0 = Release|Any CPU
		{543DA557-DA36-4AE3-95C2-6A7D1CB666C7}.Debug|Any CPU.ActiveCfg = Debug|Any CPU
		{543DA557-DA36-4AE3-95C2-6A7D1CB666C7}.Debug|Any CPU.Build.0 = Debug|Any CPU
		{543DA557-DA36-4AE3-95C2-6A7D1CB666C7}.Release|Any CPU.ActiveCfg = Release|Any CPU
		{543DA557-DA36-4AE3-95C2-6A7D1CB666C7}.Release|Any CPU.Build.0 = Release|Any CPU
		{FA82E628-44DB-3CB4-732D-0CDF62B7F331}.Debug|Any CPU.ActiveCfg = Debug
		{FA82E628-44DB-3CB4-732D-0CDF62B7F331}.Release|Any CPU.ActiveCfg = Release
		{C32D5809-7FD8-46CA-F930-D551D489A2E8}.Debug|Any CPU.ActiveCfg = Debug|Any CPU
		{C32D5809-7FD8-46CA-F930-D551D489A2E8}.Debug|Any CPU.Build.0 = Debug|Any CPU
		{C32D5809-7FD8-46CA-F930-D551D489A2E8}.Release|Any CPU.ActiveCfg = Release|Any CPU
		{C32D5809-7FD8-46CA-F930-D551D489A2E8}.Release|Any CPU.Build.0 = Release|Any CPU
		{6A9719F9-4AF7-6B12-60B8-AF48A3CE4A76}.Debug|Any CPU.ActiveCfg = Debug|Any CPU
		{6A9719F9-4AF7-6B12-60B8-AF48A3CE4A76}.Debug|Any CPU.Build.0 = Debug|Any CPU
		{6A9719F9-4AF7-6B12-60B8-AF48A3CE4A76}.Release|Any CPU.ActiveCfg = Release|Any CPU
		{6A9719F9-4AF7-6B12-60B8-AF48A3CE4A76}.Release|Any CPU.Build.0 = Release|Any CPU
	EndGlobalSection
	GlobalSection(SolutionProperties) = preSolution
		HideSolutionNode = FALSE
	EndGlobalSection
	GlobalSection(NestedProjects) = preSolution
		{C32D5809-7FD8-46CA-F930-D551D489A2E8} = {02EA681E-C7D8-13C7-8484-4AC65E1B71E8}
		{6A9719F9-4AF7-6B12-60B8-AF48A3CE4A76} = {02EA681E-C7D8-13C7-8484-4AC65E1B71E8}
	EndGlobalSection
	GlobalSection(ExtensibilityGlobals) = postSolution
		SolutionGuid = {06E3A39A-AC5B-41A3-9AFB-06A0F02A68ED}
	EndGlobalSection
EndGlobal
